
Microsoft Visual Studio Solution File, Format Version 9.00
# Visual Studio 2005
Project("{8BC9CEB8-8B4A-11D0-8D11-00A0C91BC942}") = "2ndHand", "2ndHand.vcproj", "{D7BDC3A5-C435-4BEC-B9A4-AFA0065C77BE}"
EndProject
Global
	GlobalSection(SolutionConfigurationPlatforms) = preSolution
		Debug|Win32 = Debug|Win32
		Release|Win32 = Release|Win32
	EndGlobalSection
	GlobalSection(ProjectConfigurationPlatforms) = postSolution
		{D7BDC3A5-C435-4BEC-B9A4-AFA0065C77BE}.Debug|Win32.ActiveCfg = Debug|Win32
		{D7BDC3A5-C435-4BEC-B9A4-AFA0065C77BE}.Debug|Win32.Build.0 = Debug|Win32
		{D7BDC3A5-C435-4BEC-B9A4-AFA0065C77BE}.Release|Win32.ActiveCfg = Release|Win32
		{D7BDC3A5-C435-4BEC-B9A4-AFA0065C77BE}.Release|Win32.Build.0 = Release|Win32
	EndGlobalSection
	GlobalSection(SolutionProperties) = preSolution
		HideSolutionNode = FALSE
	EndGlobalSection
EndGlobal
