
Microsoft Visual Studio Solution File, Format Version 9.00
# Visual Studio 2005
Project("{8BC9CEB8-8B4A-11D0-8D11-00A0C91BC942}") = "2ndHand", "2ndHand\2ndHand.vcproj", "{4989094F-792A-4471-9FF9-80E00F156425}"
	ProjectSection(ProjectDependencies) = postProject
		{92EE5F2E-8E61-4D27-89F2-DD1E654C98C1} = {92EE5F2E-8E61-4D27-89F2-DD1E654C98C1}
	EndProjectSection
EndProject
Project("{8BC9CEB8-8B4A-11D0-8D11-00A0C91BC942}") = "RatHook", "RatHook\RatHook.vcproj", "{92EE5F2E-8E61-4D27-89F2-DD1E654C98C1}"
EndProject
Global
	GlobalSection(SolutionConfigurationPlatforms) = preSolution
		Debug|Win32 = Debug|Win32
		Release|Win32 = Release|Win32
	EndGlobalSection
	GlobalSection(ProjectConfigurationPlatforms) = postSolution
		{4989094F-792A-4471-9FF9-80E00F156425}.Debug|Win32.ActiveCfg = Debug|Win32
		{4989094F-792A-4471-9FF9-80E00F156425}.Debug|Win32.Build.0 = Debug|Win32
		{4989094F-792A-4471-9FF9-80E00F156425}.Release|Win32.ActiveCfg = Release|Win32
		{4989094F-792A-4471-9FF9-80E00F156425}.Release|Win32.Build.0 = Release|Win32
		{92EE5F2E-8E61-4D27-89F2-DD1E654C98C1}.Debug|Win32.ActiveCfg = Debug|Win32
		{92EE5F2E-8E61-4D27-89F2-DD1E654C98C1}.Debug|Win32.Build.0 = Debug|Win32
		{92EE5F2E-8E61-4D27-89F2-DD1E654C98C1}.Release|Win32.ActiveCfg = Release|Win32
		{92EE5F2E-8E61-4D27-89F2-DD1E654C98C1}.Release|Win32.Build.0 = Release|Win32
	EndGlobalSection
	GlobalSection(SolutionProperties) = preSolution
		HideSolutionNode = FALSE
	EndGlobalSection
EndGlobal
